
Microsoft Visual Studio Solution File, Format Version 11.00
# Visual Studio 2010
Project("{FAE04EC0-301F-11D3-BF4B-00C04F79EFBC}") = "Assembly-CSharp", "Assembly-CSharp.csproj", "{425E4F13-92CA-8AD5-F920-5FA04B4A48B2}"
EndProject
Project("{FAE04EC0-301F-11D3-BF4B-00C04F79EFBC}") = "Assembly-CSharp-Editor", "Assembly-CSharp-Editor.csproj", "{7B1E711A-945F-A73B-01B2-CDE1DBE2FFC6}"
EndProject
Global
	GlobalSection(SolutionConfigurationPlatforms) = preSolution
		Debug|Any CPU = Debug|Any CPU
		Release|Any CPU = Release|Any CPU
	EndGlobalSection
	GlobalSection(ProjectConfigurationPlatforms) = postSolution
		{425E4F13-92CA-8AD5-F920-5FA04B4A48B2}.Debug|Any CPU.ActiveCfg = Debug|Any CPU
		{425E4F13-92CA-8AD5-F920-5FA04B4A48B2}.Debug|Any CPU.Build.0 = Debug|Any CPU
		{425E4F13-92CA-8AD5-F920-5FA04B4A48B2}.Release|Any CPU.ActiveCfg = Release|Any CPU
		{425E4F13-92CA-8AD5-F920-5FA04B4A48B2}.Release|Any CPU.Build.0 = Release|Any CPU
		{7B1E711A-945F-A73B-01B2-CDE1DBE2FFC6}.Debug|Any CPU.ActiveCfg = Debug|Any CPU
		{7B1E711A-945F-A73B-01B2-CDE1DBE2FFC6}.Debug|Any CPU.Build.0 = Debug|Any CPU
		{7B1E711A-945F-A73B-01B2-CDE1DBE2FFC6}.Release|Any CPU.ActiveCfg = Release|Any CPU
		{7B1E711A-945F-A73B-01B2-CDE1DBE2FFC6}.Release|Any CPU.Build.0 = Release|Any CPU
	EndGlobalSection
	GlobalSection(SolutionProperties) = preSolution
		HideSolutionNode = FALSE
	EndGlobalSection
	GlobalSection(MonoDevelopProperties) = preSolution
		StartupItem = Assembly-CSharp.csproj
	EndGlobalSection
EndGlobal
